
Microsoft Visual Studio Solution File, Format Version 12.00
# Visual Studio Version 17
VisualStudioVersion = 17.8.34330.188
MinimumVisualStudioVersion = 10.0.40219.1
Project("{FAE04EC0-301F-11D3-BF4B-00C04F79EFBC}") = "PraktikaDesyatov", "PraktikaDesyatov\PraktikaDesyatov.csproj", "{95835465-32E5-4133-9159-587E7332CDDA}"
EndProject
Global
	GlobalSection(SolutionConfigurationPlatforms) = preSolution
		Debug|Any CPU = Debug|Any CPU
		Release|Any CPU = Release|Any CPU
	EndGlobalSection
	GlobalSection(ProjectConfigurationPlatforms) = postSolution
		{95835465-32E5-4133-9159-587E7332CDDA}.Debug|Any CPU.ActiveCfg = Debug|Any CPU
		{95835465-32E5-4133-9159-587E7332CDDA}.Debug|Any CPU.Build.0 = Debug|Any CPU
		{95835465-32E5-4133-9159-587E7332CDDA}.Release|Any CPU.ActiveCfg = Release|Any CPU
		{95835465-32E5-4133-9159-587E7332CDDA}.Release|Any CPU.Build.0 = Release|Any CPU
	EndGlobalSection
	GlobalSection(SolutionProperties) = preSolution
		HideSolutionNode = FALSE
	EndGlobalSection
	GlobalSection(ExtensibilityGlobals) = postSolution
		SolutionGuid = {D70CB4B1-F6E6-44E5-AC5A-C6504FA4ACCC}
	EndGlobalSection
EndGlobal
